
Microsoft Visual Studio Solution File, Format Version 12.00
# Visual Studio 2012
Project("{FAE04EC0-301F-11D3-BF4B-00C04F79EFBC}") = "Tipper", "tipper\Tipper.csproj", "{47AB100E-A9E3-41C0-80D1-C6CF8580D4FF}"
EndProject
Project("{FAE04EC0-301F-11D3-BF4B-00C04F79EFBC}") = "ArtificialNeuralNetwork", "..\Library\ArtificialNeuralNetwork\ArtificialNeuralNetwork.csproj", "{291A3AE9-0951-412D-93D5-DDCA1CEE2455}"
EndProject
Project("{FAE04EC0-301F-11D3-BF4B-00C04F79EFBC}") = "Utilities", "..\Library\Utilities\Utilities.csproj", "{643F220E-6E85-4B40-B43C-0DE8900A65E5}"
EndProject
Project("{FAE04EC0-301F-11D3-BF4B-00C04F79EFBC}") = "Utilities.Tests", "..\Library\Utilities.Tests\Utilities.Tests.csproj", "{FDDDB129-1E38-4846-95E4-143319AC84F5}"
EndProject
Project("{FAE04EC0-301F-11D3-BF4B-00C04F79EFBC}") = "AustralianRulesFootball", "..\Library\AustralianRulesFootball\AustralianRulesFootball.csproj", "{61FBB7C9-F3A6-4972-81E1-6A5BE0A176E3}"
EndProject
Project("{FAE04EC0-301F-11D3-BF4B-00C04F79EFBC}") = "GeneticOptimizer", "..\Library\GeneticOptimizer\GeneticOptimizer.csproj", "{2BBD59D7-BE3D-494A-9D2A-B2C0243C0491}"
EndProject
Global
	GlobalSection(SolutionConfigurationPlatforms) = preSolution
		Debug|Any CPU = Debug|Any CPU
		Release|Any CPU = Release|Any CPU
	EndGlobalSection
	GlobalSection(ProjectConfigurationPlatforms) = postSolution
		{47AB100E-A9E3-41C0-80D1-C6CF8580D4FF}.Debug|Any CPU.ActiveCfg = Debug|Any CPU
		{47AB100E-A9E3-41C0-80D1-C6CF8580D4FF}.Debug|Any CPU.Build.0 = Debug|Any CPU
		{47AB100E-A9E3-41C0-80D1-C6CF8580D4FF}.Release|Any CPU.ActiveCfg = Release|Any CPU
		{47AB100E-A9E3-41C0-80D1-C6CF8580D4FF}.Release|Any CPU.Build.0 = Release|Any CPU
		{291A3AE9-0951-412D-93D5-DDCA1CEE2455}.Debug|Any CPU.ActiveCfg = Debug|Any CPU
		{291A3AE9-0951-412D-93D5-DDCA1CEE2455}.Debug|Any CPU.Build.0 = Debug|Any CPU
		{291A3AE9-0951-412D-93D5-DDCA1CEE2455}.Release|Any CPU.ActiveCfg = Release|Any CPU
		{291A3AE9-0951-412D-93D5-DDCA1CEE2455}.Release|Any CPU.Build.0 = Release|Any CPU
		{643F220E-6E85-4B40-B43C-0DE8900A65E5}.Debug|Any CPU.ActiveCfg = Debug|Any CPU
		{643F220E-6E85-4B40-B43C-0DE8900A65E5}.Debug|Any CPU.Build.0 = Debug|Any CPU
		{643F220E-6E85-4B40-B43C-0DE8900A65E5}.Release|Any CPU.ActiveCfg = Release|Any CPU
		{643F220E-6E85-4B40-B43C-0DE8900A65E5}.Release|Any CPU.Build.0 = Release|Any CPU
		{FDDDB129-1E38-4846-95E4-143319AC84F5}.Debug|Any CPU.ActiveCfg = Debug|Any CPU
		{FDDDB129-1E38-4846-95E4-143319AC84F5}.Debug|Any CPU.Build.0 = Debug|Any CPU
		{FDDDB129-1E38-4846-95E4-143319AC84F5}.Release|Any CPU.ActiveCfg = Release|Any CPU
		{FDDDB129-1E38-4846-95E4-143319AC84F5}.Release|Any CPU.Build.0 = Release|Any CPU
		{61FBB7C9-F3A6-4972-81E1-6A5BE0A176E3}.Debug|Any CPU.ActiveCfg = Debug|Any CPU
		{61FBB7C9-F3A6-4972-81E1-6A5BE0A176E3}.Debug|Any CPU.Build.0 = Debug|Any CPU
		{61FBB7C9-F3A6-4972-81E1-6A5BE0A176E3}.Release|Any CPU.ActiveCfg = Release|Any CPU
		{61FBB7C9-F3A6-4972-81E1-6A5BE0A176E3}.Release|Any CPU.Build.0 = Release|Any CPU
		{2BBD59D7-BE3D-494A-9D2A-B2C0243C0491}.Debug|Any CPU.ActiveCfg = Debug|Any CPU
		{2BBD59D7-BE3D-494A-9D2A-B2C0243C0491}.Debug|Any CPU.Build.0 = Debug|Any CPU
		{2BBD59D7-BE3D-494A-9D2A-B2C0243C0491}.Release|Any CPU.ActiveCfg = Release|Any CPU
		{2BBD59D7-BE3D-494A-9D2A-B2C0243C0491}.Release|Any CPU.Build.0 = Release|Any CPU
	EndGlobalSection
	GlobalSection(SolutionProperties) = preSolution
		HideSolutionNode = FALSE
	EndGlobalSection
EndGlobal
