
Microsoft Visual Studio Solution File, Format Version 12.00
# Visual Studio 2012
Project("{FAE04EC0-301F-11D3-BF4B-00C04F79EFBC}") = "ArtificialNeuralNetwork.Tests", "ArtificialNeuralNetwork.Tests\ArtificialNeuralNetwork.Tests.csproj", "{0442B8CE-91E0-4D5E-A512-49383FAEFA00}"
EndProject
Project("{FAE04EC0-301F-11D3-BF4B-00C04F79EFBC}") = "ArtificialNeuralNetwork", "..\..\..\Projects 20150215 71.36\Library\ArtificialNeuralNetwork\ArtificialNeuralNetwork.csproj", "{291A3AE9-0951-412D-93D5-DDCA1CEE2455}"
EndProject
Global
	GlobalSection(SolutionConfigurationPlatforms) = preSolution
		Debug|Any CPU = Debug|Any CPU
		Release|Any CPU = Release|Any CPU
	EndGlobalSection
	GlobalSection(ProjectConfigurationPlatforms) = postSolution
		{0442B8CE-91E0-4D5E-A512-49383FAEFA00}.Debug|Any CPU.ActiveCfg = Debug|Any CPU
		{0442B8CE-91E0-4D5E-A512-49383FAEFA00}.Debug|Any CPU.Build.0 = Debug|Any CPU
		{0442B8CE-91E0-4D5E-A512-49383FAEFA00}.Release|Any CPU.ActiveCfg = Release|Any CPU
		{0442B8CE-91E0-4D5E-A512-49383FAEFA00}.Release|Any CPU.Build.0 = Release|Any CPU
		{291A3AE9-0951-412D-93D5-DDCA1CEE2455}.Debug|Any CPU.ActiveCfg = Debug|Any CPU
		{291A3AE9-0951-412D-93D5-DDCA1CEE2455}.Debug|Any CPU.Build.0 = Debug|Any CPU
		{291A3AE9-0951-412D-93D5-DDCA1CEE2455}.Release|Any CPU.ActiveCfg = Release|Any CPU
		{291A3AE9-0951-412D-93D5-DDCA1CEE2455}.Release|Any CPU.Build.0 = Release|Any CPU
	EndGlobalSection
	GlobalSection(SolutionProperties) = preSolution
		HideSolutionNode = FALSE
	EndGlobalSection
EndGlobal
