
Microsoft Visual Studio Solution File, Format Version 12.00
# Visual Studio 2012
Project("{FAE04EC0-301F-11D3-BF4B-00C04F79EFBC}") = "Utilities.Tests", "Utilities.Tests.csproj", "{FDDDB129-1E38-4846-95E4-143319AC84F5}"
EndProject
Project("{FAE04EC0-301F-11D3-BF4B-00C04F79EFBC}") = "Utilities", "..\Utilities\Utilities.csproj", "{643F220E-6E85-4B40-B43C-0DE8900A65E5}"
EndProject
Global
	GlobalSection(SolutionConfigurationPlatforms) = preSolution
		Debug|Any CPU = Debug|Any CPU
		Release|Any CPU = Release|Any CPU
	EndGlobalSection
	GlobalSection(ProjectConfigurationPlatforms) = postSolution
		{FDDDB129-1E38-4846-95E4-143319AC84F5}.Debug|Any CPU.ActiveCfg = Debug|Any CPU
		{FDDDB129-1E38-4846-95E4-143319AC84F5}.Debug|Any CPU.Build.0 = Debug|Any CPU
		{FDDDB129-1E38-4846-95E4-143319AC84F5}.Release|Any CPU.ActiveCfg = Release|Any CPU
		{FDDDB129-1E38-4846-95E4-143319AC84F5}.Release|Any CPU.Build.0 = Release|Any CPU
		{643F220E-6E85-4B40-B43C-0DE8900A65E5}.Debug|Any CPU.ActiveCfg = Debug|Any CPU
		{643F220E-6E85-4B40-B43C-0DE8900A65E5}.Debug|Any CPU.Build.0 = Debug|Any CPU
		{643F220E-6E85-4B40-B43C-0DE8900A65E5}.Release|Any CPU.ActiveCfg = Release|Any CPU
		{643F220E-6E85-4B40-B43C-0DE8900A65E5}.Release|Any CPU.Build.0 = Release|Any CPU
	EndGlobalSection
	GlobalSection(SolutionProperties) = preSolution
		HideSolutionNode = FALSE
	EndGlobalSection
EndGlobal
